
Microsoft Visual Studio Solution File, Format Version 12.00
# Visual Studio Version 17
VisualStudioVersion = 17.14.36414.22 d17.14
MinimumVisualStudioVersion = 10.0.40219.1
Project("{FAE04EC0-301F-11D3-BF4B-00C04F79EFBC}") = "RotaPadelMobile", "RotaPadelMobile\RotaPadelMobile.csproj", "{ED5F1A4C-A598-4A2B-ABEE-678933C80E86}"
EndProject
Global
	GlobalSection(SolutionConfigurationPlatforms) = preSolution
		Debug|Any CPU = Debug|Any CPU
		Release|Any CPU = Release|Any CPU
	EndGlobalSection
	GlobalSection(ProjectConfigurationPlatforms) = postSolution
		{ED5F1A4C-A598-4A2B-ABEE-678933C80E86}.Debug|Any CPU.ActiveCfg = Debug|Any CPU
		{ED5F1A4C-A598-4A2B-ABEE-678933C80E86}.Debug|Any CPU.Build.0 = Debug|Any CPU
		{ED5F1A4C-A598-4A2B-ABEE-678933C80E86}.Release|Any CPU.ActiveCfg = Release|Any CPU
		{ED5F1A4C-A598-4A2B-ABEE-678933C80E86}.Release|Any CPU.Build.0 = Release|Any CPU
	EndGlobalSection
	GlobalSection(SolutionProperties) = preSolution
		HideSolutionNode = FALSE
	EndGlobalSection
	GlobalSection(ExtensibilityGlobals) = postSolution
		SolutionGuid = {BB3B28E0-ED9F-4452-A838-DA5B630F4EAD}
	EndGlobalSection
EndGlobal
